
Microsoft Visual Studio Solution File, Format Version 12.00
# Visual Studio Version 17
VisualStudioVersion = 17.9.34714.143
MinimumVisualStudioVersion = 10.0.40219.1
Project("{FAE04EC0-301F-11D3-BF4B-00C04F79EFBC}") = "Tema 2 - map", "Tema 2 - map\Tema 2 - map.csproj", "{066680C1-34DE-46E5-8F66-13A16059FC42}"
EndProject
Global
	GlobalSection(SolutionConfigurationPlatforms) = preSolution
		Debug|Any CPU = Debug|Any CPU
		Release|Any CPU = Release|Any CPU
	EndGlobalSection
	GlobalSection(ProjectConfigurationPlatforms) = postSolution
		{066680C1-34DE-46E5-8F66-13A16059FC42}.Debug|Any CPU.ActiveCfg = Debug|Any CPU
		{066680C1-34DE-46E5-8F66-13A16059FC42}.Debug|Any CPU.Build.0 = Debug|Any CPU
		{066680C1-34DE-46E5-8F66-13A16059FC42}.Release|Any CPU.ActiveCfg = Release|Any CPU
		{066680C1-34DE-46E5-8F66-13A16059FC42}.Release|Any CPU.Build.0 = Release|Any CPU
	EndGlobalSection
	GlobalSection(SolutionProperties) = preSolution
		HideSolutionNode = FALSE
	EndGlobalSection
	GlobalSection(ExtensibilityGlobals) = postSolution
		SolutionGuid = {17C08E91-047C-4382-A118-344C72B4F39D}
	EndGlobalSection
EndGlobal
